
Microsoft Visual Studio Solution File, Format Version 12.00
# Visual Studio Version 16
VisualStudioVersion = 16.0.30503.244
MinimumVisualStudioVersion = 10.0.40219.1
Project("{FAE04EC0-301F-11D3-BF4B-00C04F79EFBC}") = "WH40k.UWP", "WH40k\WH40k.UWP\WH40k.UWP.csproj", "{092AF1FA-90DA-4307-BFF9-BDF7F4F92CBB}"
EndProject
Project("{FAE04EC0-301F-11D3-BF4B-00C04F79EFBC}") = "WH40k.Android", "WH40k\WH40k.Android\WH40k.Android.csproj", "{2DA1B807-4404-435C-9E74-7601FDB9A1A8}"
EndProject
Project("{FAE04EC0-301F-11D3-BF4B-00C04F79EFBC}") = "WH40k.iOS", "WH40k\WH40k.iOS\WH40k.iOS.csproj", "{BCF92CA6-BE01-44EA-BCEB-1FA67DE540BC}"
EndProject
Project("{FAE04EC0-301F-11D3-BF4B-00C04F79EFBC}") = "WH40k", "WH40k\WH40k\WH40k.csproj", "{41CF02AE-67E4-430F-8081-80E5212CCBB5}"
EndProject
Global
	GlobalSection(SolutionConfigurationPlatforms) = preSolution
		Debug|Any CPU = Debug|Any CPU
		Debug|ARM = Debug|ARM
		Debug|iPhone = Debug|iPhone
		Debug|iPhoneSimulator = Debug|iPhoneSimulator
		Debug|x64 = Debug|x64
		Debug|x86 = Debug|x86
		Release|Any CPU = Release|Any CPU
		Release|ARM = Release|ARM
		Release|iPhone = Release|iPhone
		Release|iPhoneSimulator = Release|iPhoneSimulator
		Release|x64 = Release|x64
		Release|x86 = Release|x86
	EndGlobalSection
	GlobalSection(ProjectConfigurationPlatforms) = postSolution
		{092AF1FA-90DA-4307-BFF9-BDF7F4F92CBB}.Debug|Any CPU.ActiveCfg = Debug|x86
		{092AF1FA-90DA-4307-BFF9-BDF7F4F92CBB}.Debug|Any CPU.Build.0 = Debug|x86
		{092AF1FA-90DA-4307-BFF9-BDF7F4F92CBB}.Debug|Any CPU.Deploy.0 = Debug|x86
		{092AF1FA-90DA-4307-BFF9-BDF7F4F92CBB}.Debug|ARM.ActiveCfg = Debug|ARM
		{092AF1FA-90DA-4307-BFF9-BDF7F4F92CBB}.Debug|ARM.Build.0 = Debug|ARM
		{092AF1FA-90DA-4307-BFF9-BDF7F4F92CBB}.Debug|ARM.Deploy.0 = Debug|ARM
		{092AF1FA-90DA-4307-BFF9-BDF7F4F92CBB}.Debug|iPhone.ActiveCfg = Debug|x86
		{092AF1FA-90DA-4307-BFF9-BDF7F4F92CBB}.Debug|iPhone.Build.0 = Debug|x86
		{092AF1FA-90DA-4307-BFF9-BDF7F4F92CBB}.Debug|iPhone.Deploy.0 = Debug|x86
		{092AF1FA-90DA-4307-BFF9-BDF7F4F92CBB}.Debug|iPhoneSimulator.ActiveCfg = Debug|x86
		{092AF1FA-90DA-4307-BFF9-BDF7F4F92CBB}.Debug|iPhoneSimulator.Build.0 = Debug|x86
		{092AF1FA-90DA-4307-BFF9-BDF7F4F92CBB}.Debug|iPhoneSimulator.Deploy.0 = Debug|x86
		{092AF1FA-90DA-4307-BFF9-BDF7F4F92CBB}.Debug|x64.ActiveCfg = Debug|x64
		{092AF1FA-90DA-4307-BFF9-BDF7F4F92CBB}.Debug|x64.Build.0 = Debug|x64
		{092AF1FA-90DA-4307-BFF9-BDF7F4F92CBB}.Debug|x64.Deploy.0 = Debug|x64
		{092AF1FA-90DA-4307-BFF9-BDF7F4F92CBB}.Debug|x86.ActiveCfg = Debug|x86
		{092AF1FA-90DA-4307-BFF9-BDF7F4F92CBB}.Debug|x86.Build.0 = Debug|x86
		{092AF1FA-90DA-4307-BFF9-BDF7F4F92CBB}.Debug|x86.Deploy.0 = Debug|x86
		{092AF1FA-90DA-4307-BFF9-BDF7F4F92CBB}.Release|Any CPU.ActiveCfg = Release|x86
		{092AF1FA-90DA-4307-BFF9-BDF7F4F92CBB}.Release|Any CPU.Build.0 = Release|x86
		{092AF1FA-90DA-4307-BFF9-BDF7F4F92CBB}.Release|Any CPU.Deploy.0 = Release|x86
		{092AF1FA-90DA-4307-BFF9-BDF7F4F92CBB}.Release|ARM.ActiveCfg = Release|ARM
		{092AF1FA-90DA-4307-BFF9-BDF7F4F92CBB}.Release|ARM.Build.0 = Release|ARM
		{092AF1FA-90DA-4307-BFF9-BDF7F4F92CBB}.Release|ARM.Deploy.0 = Release|ARM
		{092AF1FA-90DA-4307-BFF9-BDF7F4F92CBB}.Release|iPhone.ActiveCfg = Release|x86
		{092AF1FA-90DA-4307-BFF9-BDF7F4F92CBB}.Release|iPhone.Build.0 = Release|x86
		{092AF1FA-90DA-4307-BFF9-BDF7F4F92CBB}.Release|iPhone.Deploy.0 = Release|x86
		{092AF1FA-90DA-4307-BFF9-BDF7F4F92CBB}.Release|iPhoneSimulator.ActiveCfg = Release|x86
		{092AF1FA-90DA-4307-BFF9-BDF7F4F92CBB}.Release|iPhoneSimulator.Build.0 = Release|x86
		{092AF1FA-90DA-4307-BFF9-BDF7F4F92CBB}.Release|iPhoneSimulator.Deploy.0 = Release|x86
		{092AF1FA-90DA-4307-BFF9-BDF7F4F92CBB}.Release|x64.ActiveCfg = Release|x64
		{092AF1FA-90DA-4307-BFF9-BDF7F4F92CBB}.Release|x64.Build.0 = Release|x64
		{092AF1FA-90DA-4307-BFF9-BDF7F4F92CBB}.Release|x64.Deploy.0 = Release|x64
		{092AF1FA-90DA-4307-BFF9-BDF7F4F92CBB}.Release|x86.ActiveCfg = Release|x86
		{092AF1FA-90DA-4307-BFF9-BDF7F4F92CBB}.Release|x86.Build.0 = Release|x86
		{092AF1FA-90DA-4307-BFF9-BDF7F4F92CBB}.Release|x86.Deploy.0 = Release|x86
		{2DA1B807-4404-435C-9E74-7601FDB9A1A8}.Debug|Any CPU.ActiveCfg = Debug|Any CPU
		{2DA1B807-4404-435C-9E74-7601FDB9A1A8}.Debug|Any CPU.Build.0 = Debug|Any CPU
		{2DA1B807-4404-435C-9E74-7601FDB9A1A8}.Debug|Any CPU.Deploy.0 = Debug|Any CPU
		{2DA1B807-4404-435C-9E74-7601FDB9A1A8}.Debug|ARM.ActiveCfg = Debug|Any CPU
		{2DA1B807-4404-435C-9E74-7601FDB9A1A8}.Debug|ARM.Build.0 = Debug|Any CPU
		{2DA1B807-4404-435C-9E74-7601FDB9A1A8}.Debug|ARM.Deploy.0 = Debug|Any CPU
		{2DA1B807-4404-435C-9E74-7601FDB9A1A8}.Debug|iPhone.ActiveCfg = Debug|Any CPU
		{2DA1B807-4404-435C-9E74-7601FDB9A1A8}.Debug|iPhone.Build.0 = Debug|Any CPU
		{2DA1B807-4404-435C-9E74-7601FDB9A1A8}.Debug|iPhone.Deploy.0 = Debug|Any CPU
		{2DA1B807-4404-435C-9E74-7601FDB9A1A8}.Debug|iPhoneSimulator.ActiveCfg = Debug|Any CPU
		{2DA1B807-4404-435C-9E74-7601FDB9A1A8}.Debug|iPhoneSimulator.Build.0 = Debug|Any CPU
		{2DA1B807-4404-435C-9E74-7601FDB9A1A8}.Debug|iPhoneSimulator.Deploy.0 = Debug|Any CPU
		{2DA1B807-4404-435C-9E74-7601FDB9A1A8}.Debug|x64.ActiveCfg = Debug|Any CPU
		{2DA1B807-4404-435C-9E74-7601FDB9A1A8}.Debug|x64.Build.0 = Debug|Any CPU
		{2DA1B807-4404-435C-9E74-7601FDB9A1A8}.Debug|x64.Deploy.0 = Debug|Any CPU
		{2DA1B807-4404-435C-9E74-7601FDB9A1A8}.Debug|x86.ActiveCfg = Debug|Any CPU
		{2DA1B807-4404-435C-9E74-7601FDB9A1A8}.Debug|x86.Build.0 = Debug|Any CPU
		{2DA1B807-4404-435C-9E74-7601FDB9A1A8}.Debug|x86.Deploy.0 = Debug|Any CPU
		{2DA1B807-4404-435C-9E74-7601FDB9A1A8}.Release|Any CPU.ActiveCfg = Release|Any CPU
		{2DA1B807-4404-435C-9E74-7601FDB9A1A8}.Release|Any CPU.Build.0 = Release|Any CPU
		{2DA1B807-4404-435C-9E74-7601FDB9A1A8}.Release|Any CPU.Deploy.0 = Release|Any CPU
		{2DA1B807-4404-435C-9E74-7601FDB9A1A8}.Release|ARM.ActiveCfg = Release|Any CPU
		{2DA1B807-4404-435C-9E74-7601FDB9A1A8}.Release|ARM.Build.0 = Release|Any CPU
		{2DA1B807-4404-435C-9E74-7601FDB9A1A8}.Release|ARM.Deploy.0 = Release|Any CPU
		{2DA1B807-4404-435C-9E74-7601FDB9A1A8}.Release|iPhone.ActiveCfg = Release|Any CPU
		{2DA1B807-4404-435C-9E74-7601FDB9A1A8}.Release|iPhone.Build.0 = Release|Any CPU
		{2DA1B807-4404-435C-9E74-7601FDB9A1A8}.Release|iPhone.Deploy.0 = Release|Any CPU
		{2DA1B807-4404-435C-9E74-7601FDB9A1A8}.Release|iPhoneSimulator.ActiveCfg = Release|Any CPU
		{2DA1B807-4404-435C-9E74-7601FDB9A1A8}.Release|iPhoneSimulator.Build.0 = Release|Any CPU
		{2DA1B807-4404-435C-9E74-7601FDB9A1A8}.Release|iPhoneSimulator.Deploy.0 = Release|Any CPU
		{2DA1B807-4404-435C-9E74-7601FDB9A1A8}.Release|x64.ActiveCfg = Release|Any CPU
		{2DA1B807-4404-435C-9E74-7601FDB9A1A8}.Release|x64.Build.0 = Release|Any CPU
		{2DA1B807-4404-435C-9E74-7601FDB9A1A8}.Release|x64.Deploy.0 = Release|Any CPU
		{2DA1B807-4404-435C-9E74-7601FDB9A1A8}.Release|x86.ActiveCfg = Release|Any CPU
		{2DA1B807-4404-435C-9E74-7601FDB9A1A8}.Release|x86.Build.0 = Release|Any CPU
		{2DA1B807-4404-435C-9E74-7601FDB9A1A8}.Release|x86.Deploy.0 = Release|Any CPU
		{BCF92CA6-BE01-44EA-BCEB-1FA67DE540BC}.Debug|Any CPU.ActiveCfg = Debug|iPhoneSimulator
		{BCF92CA6-BE01-44EA-BCEB-1FA67DE540BC}.Debug|Any CPU.Build.0 = Debug|iPhoneSimulator
		{BCF92CA6-BE01-44EA-BCEB-1FA67DE540BC}.Debug|Any CPU.Deploy.0 = Debug|iPhoneSimulator
		{BCF92CA6-BE01-44EA-BCEB-1FA67DE540BC}.Debug|ARM.ActiveCfg = Debug|iPhone
		{BCF92CA6-BE01-44EA-BCEB-1FA67DE540BC}.Debug|ARM.Build.0 = Debug|iPhone
		{BCF92CA6-BE01-44EA-BCEB-1FA67DE540BC}.Debug|ARM.Deploy.0 = Debug|iPhone
		{BCF92CA6-BE01-44EA-BCEB-1FA67DE540BC}.Debug|iPhone.ActiveCfg = Debug|iPhone
		{BCF92CA6-BE01-44EA-BCEB-1FA67DE540BC}.Debug|iPhone.Build.0 = Debug|iPhone
		{BCF92CA6-BE01-44EA-BCEB-1FA67DE540BC}.Debug|iPhone.Deploy.0 = Debug|iPhone
		{BCF92CA6-BE01-44EA-BCEB-1FA67DE540BC}.Debug|iPhoneSimulator.ActiveCfg = Debug|iPhoneSimulator
		{BCF92CA6-BE01-44EA-BCEB-1FA67DE540BC}.Debug|iPhoneSimulator.Build.0 = Debug|iPhoneSimulator
		{BCF92CA6-BE01-44EA-BCEB-1FA67DE540BC}.Debug|iPhoneSimulator.Deploy.0 = Debug|iPhoneSimulator
		{BCF92CA6-BE01-44EA-BCEB-1FA67DE540BC}.Debug|x64.ActiveCfg = Debug|iPhoneSimulator
		{BCF92CA6-BE01-44EA-BCEB-1FA67DE540BC}.Debug|x64.Build.0 = Debug|iPhoneSimulator
		{BCF92CA6-BE01-44EA-BCEB-1FA67DE540BC}.Debug|x64.Deploy.0 = Debug|iPhoneSimulator
		{BCF92CA6-BE01-44EA-BCEB-1FA67DE540BC}.Debug|x86.ActiveCfg = Debug|iPhoneSimulator
		{BCF92CA6-BE01-44EA-BCEB-1FA67DE540BC}.Debug|x86.Build.0 = Debug|iPhoneSimulator
		{BCF92CA6-BE01-44EA-BCEB-1FA67DE540BC}.Debug|x86.Deploy.0 = Debug|iPhoneSimulator
		{BCF92CA6-BE01-44EA-BCEB-1FA67DE540BC}.Release|Any CPU.ActiveCfg = Release|iPhoneSimulator
		{BCF92CA6-BE01-44EA-BCEB-1FA67DE540BC}.Release|Any CPU.Build.0 = Release|iPhoneSimulator
		{BCF92CA6-BE01-44EA-BCEB-1FA67DE540BC}.Release|Any CPU.Deploy.0 = Release|iPhoneSimulator
		{BCF92CA6-BE01-44EA-BCEB-1FA67DE540BC}.Release|ARM.ActiveCfg = Release|iPhoneSimulator
		{BCF92CA6-BE01-44EA-BCEB-1FA67DE540BC}.Release|ARM.Build.0 = Release|iPhoneSimulator
		{BCF92CA6-BE01-44EA-BCEB-1FA67DE540BC}.Release|ARM.Deploy.0 = Release|iPhoneSimulator
		{BCF92CA6-BE01-44EA-BCEB-1FA67DE540BC}.Release|iPhone.ActiveCfg = Release|iPhone
		{BCF92CA6-BE01-44EA-BCEB-1FA67DE540BC}.Release|iPhone.Build.0 = Release|iPhone
		{BCF92CA6-BE01-44EA-BCEB-1FA67DE540BC}.Release|iPhone.Deploy.0 = Release|iPhone
		{BCF92CA6-BE01-44EA-BCEB-1FA67DE540BC}.Release|iPhoneSimulator.ActiveCfg = Release|iPhoneSimulator
		{BCF92CA6-BE01-44EA-BCEB-1FA67DE540BC}.Release|iPhoneSimulator.Build.0 = Release|iPhoneSimulator
		{BCF92CA6-BE01-44EA-BCEB-1FA67DE540BC}.Release|iPhoneSimulator.Deploy.0 = Release|iPhoneSimulator
		{BCF92CA6-BE01-44EA-BCEB-1FA67DE540BC}.Release|x64.ActiveCfg = Release|iPhoneSimulator
		{BCF92CA6-BE01-44EA-BCEB-1FA67DE540BC}.Release|x64.Build.0 = Release|iPhoneSimulator
		{BCF92CA6-BE01-44EA-BCEB-1FA67DE540BC}.Release|x64.Deploy.0 = Release|iPhoneSimulator
		{BCF92CA6-BE01-44EA-BCEB-1FA67DE540BC}.Release|x86.ActiveCfg = Release|iPhoneSimulator
		{BCF92CA6-BE01-44EA-BCEB-1FA67DE540BC}.Release|x86.Build.0 = Release|iPhoneSimulator
		{BCF92CA6-BE01-44EA-BCEB-1FA67DE540BC}.Release|x86.Deploy.0 = Release|iPhoneSimulator
		{41CF02AE-67E4-430F-8081-80E5212CCBB5}.Debug|Any CPU.ActiveCfg = Debug|Any CPU
		{41CF02AE-67E4-430F-8081-80E5212CCBB5}.Debug|Any CPU.Build.0 = Debug|Any CPU
		{41CF02AE-67E4-430F-8081-80E5212CCBB5}.Debug|Any CPU.Deploy.0 = Debug|Any CPU
		{41CF02AE-67E4-430F-8081-80E5212CCBB5}.Debug|ARM.ActiveCfg = Debug|Any CPU
		{41CF02AE-67E4-430F-8081-80E5212CCBB5}.Debug|ARM.Build.0 = Debug|Any CPU
		{41CF02AE-67E4-430F-8081-80E5212CCBB5}.Debug|ARM.Deploy.0 = Debug|Any CPU
		{41CF02AE-67E4-430F-8081-80E5212CCBB5}.Debug|iPhone.ActiveCfg = Debug|Any CPU
		{41CF02AE-67E4-430F-8081-80E5212CCBB5}.Debug|iPhone.Build.0 = Debug|Any CPU
		{41CF02AE-67E4-430F-8081-80E5212CCBB5}.Debug|iPhone.Deploy.0 = Debug|Any CPU
		{41CF02AE-67E4-430F-8081-80E5212CCBB5}.Debug|iPhoneSimulator.ActiveCfg = Debug|Any CPU
		{41CF02AE-67E4-430F-8081-80E5212CCBB5}.Debug|iPhoneSimulator.Build.0 = Debug|Any CPU
		{41CF02AE-67E4-430F-8081-80E5212CCBB5}.Debug|iPhoneSimulator.Deploy.0 = Debug|Any CPU
		{41CF02AE-67E4-430F-8081-80E5212CCBB5}.Debug|x64.ActiveCfg = Debug|Any CPU
		{41CF02AE-67E4-430F-8081-80E5212CCBB5}.Debug|x64.Build.0 = Debug|Any CPU
		{41CF02AE-67E4-430F-8081-80E5212CCBB5}.Debug|x64.Deploy.0 = Debug|Any CPU
		{41CF02AE-67E4-430F-8081-80E5212CCBB5}.Debug|x86.ActiveCfg = Debug|Any CPU
		{41CF02AE-67E4-430F-8081-80E5212CCBB5}.Debug|x86.Build.0 = Debug|Any CPU
		{41CF02AE-67E4-430F-8081-80E5212CCBB5}.Debug|x86.Deploy.0 = Debug|Any CPU
		{41CF02AE-67E4-430F-8081-80E5212CCBB5}.Release|Any CPU.ActiveCfg = Release|Any CPU
		{41CF02AE-67E4-430F-8081-80E5212CCBB5}.Release|Any CPU.Build.0 = Release|Any CPU
		{41CF02AE-67E4-430F-8081-80E5212CCBB5}.Release|Any CPU.Deploy.0 = Release|Any CPU
		{41CF02AE-67E4-430F-8081-80E5212CCBB5}.Release|ARM.ActiveCfg = Release|Any CPU
		{41CF02AE-67E4-430F-8081-80E5212CCBB5}.Release|ARM.Build.0 = Release|Any CPU
		{41CF02AE-67E4-430F-8081-80E5212CCBB5}.Release|ARM.Deploy.0 = Release|Any CPU
		{41CF02AE-67E4-430F-8081-80E5212CCBB5}.Release|iPhone.ActiveCfg = Release|Any CPU
		{41CF02AE-67E4-430F-8081-80E5212CCBB5}.Release|iPhone.Build.0 = Release|Any CPU
		{41CF02AE-67E4-430F-8081-80E5212CCBB5}.Release|iPhone.Deploy.0 = Release|Any CPU
		{41CF02AE-67E4-430F-8081-80E5212CCBB5}.Release|iPhoneSimulator.ActiveCfg = Release|Any CPU
		{41CF02AE-67E4-430F-8081-80E5212CCBB5}.Release|iPhoneSimulator.Build.0 = Release|Any CPU
		{41CF02AE-67E4-430F-8081-80E5212CCBB5}.Release|iPhoneSimulator.Deploy.0 = Release|Any CPU
		{41CF02AE-67E4-430F-8081-80E5212CCBB5}.Release|x64.ActiveCfg = Release|Any CPU
		{41CF02AE-67E4-430F-8081-80E5212CCBB5}.Release|x64.Build.0 = Release|Any CPU
		{41CF02AE-67E4-430F-8081-80E5212CCBB5}.Release|x64.Deploy.0 = Release|Any CPU
		{41CF02AE-67E4-430F-8081-80E5212CCBB5}.Release|x86.ActiveCfg = Release|Any CPU
		{41CF02AE-67E4-430F-8081-80E5212CCBB5}.Release|x86.Build.0 = Release|Any CPU
		{41CF02AE-67E4-430F-8081-80E5212CCBB5}.Release|x86.Deploy.0 = Release|Any CPU
	EndGlobalSection
	GlobalSection(SolutionProperties) = preSolution
		HideSolutionNode = FALSE
	EndGlobalSection
	GlobalSection(ExtensibilityGlobals) = postSolution
		SolutionGuid = {9BFE9D94-CABA-48ED-8BD7-D019BD29ABB1}
	EndGlobalSection
EndGlobal
